// !$*UTF8*$!
{
	archiveVersion = 1;
	classes = {
	};
	objectVersion = 56;
	objects = {

/* Begin PBXBuildFile section */
		D6767DC529F0AF9F00260906 /* AppDelegate.swift in Sources */ = {isa = PBXBuildFile; fileRef = D6767DC429F0AF9F00260906 /* AppDelegate.swift */; };
		D6767DC729F0AF9F00260906 /* ViewController.swift in Sources */ = {isa = PBXBuildFile; fileRef = D6767DC629F0AF9F00260906 /* ViewController.swift */; };
		D6767DC929F0AF9F00260906 /* Assets.xcassets in Resources */ = {isa = PBXBuildFile; fileRef = D6767DC829F0AF9F00260906 /* Assets.xcassets */; };
		D6767DCC29F0AF9F00260906 /* Main.storyboard in Resources */ = {isa = PBXBuildFile; fileRef = D6767DCA29F0AF9F00260906 /* Main.storyboard */; };
		D6767DD429F0BB8600260906 /* UsuarioModelo.swift in Sources */ = {isa = PBXBuildFile; fileRef = D6767DD329F0BB8600260906 /* UsuarioModelo.swift */; };
		D6767DD829F0BCEB00260906 /* RegistrarUsuario.swift in Sources */ = {isa = PBXBuildFile; fileRef = D6767DD729F0BCEB00260906 /* RegistrarUsuario.swift */; };
		D6A9DF6D29F1FE0200D9CEE3 /* ModificarUsuario.swift in Sources */ = {isa = PBXBuildFile; fileRef = D6A9DF6C29F1FE0200D9CEE3 /* ModificarUsuario.swift */; };
		F115BC2B29F7B1C200417F13 /* MenuAdmin.swift in Sources */ = {isa = PBXBuildFile; fileRef = F115BC2A29F7B1C200417F13 /* MenuAdmin.swift */; };
/* End PBXBuildFile section */

/* Begin PBXFileReference section */
		D6767DC129F0AF9F00260906 /* ProyectoFinal1.app */ = {isa = PBXFileReference; explicitFileType = wrapper.application; includeInIndex = 0; path = ProyectoFinal1.app; sourceTree = BUILT_PRODUCTS_DIR; };
		D6767DC429F0AF9F00260906 /* AppDelegate.swift */ = {isa = PBXFileReference; lastKnownFileType = sourcecode.swift; path = AppDelegate.swift; sourceTree = "<group>"; };
		D6767DC629F0AF9F00260906 /* ViewController.swift */ = {isa = PBXFileReference; lastKnownFileType = sourcecode.swift; path = ViewController.swift; sourceTree = "<group>"; };
		D6767DC829F0AF9F00260906 /* Assets.xcassets */ = {isa = PBXFileReference; lastKnownFileType = folder.assetcatalog; path = Assets.xcassets; sourceTree = "<group>"; };
		D6767DCB29F0AF9F00260906 /* Base */ = {isa = PBXFileReference; lastKnownFileType = file.storyboard; name = Base; path = Base.lproj/Main.storyboard; sourceTree = "<group>"; };
		D6767DCD29F0AF9F00260906 /* ProyectoFinal1.entitlements */ = {isa = PBXFileReference; lastKnownFileType = text.plist.entitlements; path = ProyectoFinal1.entitlements; sourceTree = "<group>"; };
		D6767DD329F0BB8600260906 /* UsuarioModelo.swift */ = {isa = PBXFileReference; lastKnownFileType = sourcecode.swift; path = UsuarioModelo.swift; sourceTree = "<group>"; };
		D6767DD729F0BCEB00260906 /* RegistrarUsuario.swift */ = {isa = PBXFileReference; lastKnownFileType = sourcecode.swift; path = RegistrarUsuario.swift; sourceTree = "<group>"; };
		D6A9DF6C29F1FE0200D9CEE3 /* ModificarUsuario.swift */ = {isa = PBXFileReference; lastKnownFileType = sourcecode.swift; path = ModificarUsuario.swift; sourceTree = "<group>"; };
		F115BC2A29F7B1C200417F13 /* MenuAdmin.swift */ = {isa = PBXFileReference; lastKnownFileType = sourcecode.swift; path = MenuAdmin.swift; sourceTree = "<group>"; };
/* End PBXFileReference section */

/* Begin PBXFrameworksBuildPhase section */
		D6767DBE29F0AF9F00260906 /* Frameworks */ = {
			isa = PBXFrameworksBuildPhase;
			buildActionMask = 2147483647;
			files = (
			);
			runOnlyForDeploymentPostprocessing = 0;
		};
/* End PBXFrameworksBuildPhase section */

/* Begin PBXGroup section */
		D6767DB829F0AF9F00260906 = {
			isa = PBXGroup;
			children = (
				D6767DC329F0AF9F00260906 /* ProyectoFinal1 */,
				D6767DC229F0AF9F00260906 /* Products */,
			);
			sourceTree = "<group>";
		};
		D6767DC229F0AF9F00260906 /* Products */ = {
			isa = PBXGroup;
			children = (
				D6767DC129F0AF9F00260906 /* ProyectoFinal1.app */,
			);
			name = Products;
			sourceTree = "<group>";
		};
		D6767DC329F0AF9F00260906 /* ProyectoFinal1 */ = {
			isa = PBXGroup;
			children = (
				D6767DC429F0AF9F00260906 /* AppDelegate.swift */,
				D6767DC629F0AF9F00260906 /* ViewController.swift */,
				D6767DC829F0AF9F00260906 /* Assets.xcassets */,
				D6767DCA29F0AF9F00260906 /* Main.storyboard */,
				F115BC2A29F7B1C200417F13 /* MenuAdmin.swift */,
				D6A9DF6C29F1FE0200D9CEE3 /* ModificarUsuario.swift */,
				D6767DD329F0BB8600260906 /* UsuarioModelo.swift */,
				D6767DD729F0BCEB00260906 /* RegistrarUsuario.swift */,
				D6767DCD29F0AF9F00260906 /* ProyectoFinal1.entitlements */,
			);
			path = ProyectoFinal1;
			sourceTree = "<group>";
		};
/* End PBXGroup section */

/* Begin PBXNativeTarget section */
		D6767DC029F0AF9F00260906 /* ProyectoFinal1 */ = {
			isa = PBXNativeTarget;
			buildConfigurationList = D6767DD029F0AF9F00260906 /* Build configuration list for PBXNativeTarget "ProyectoFinal1" */;
			buildPhases = (
				D6767DBD29F0AF9F00260906 /* Sources */,
				D6767DBE29F0AF9F00260906 /* Frameworks */,
				D6767DBF29F0AF9F00260906 /* Resources */,
			);
			buildRules = (
			);
			dependencies = (
			);
			name = ProyectoFinal1;
			productName = ProyectoFinal1;
			productReference = D6767DC129F0AF9F00260906 /* ProyectoFinal1.app */;
			productType = "com.apple.product-type.application";
		};
/* End PBXNativeTarget section */

/* Begin PBXProject section */
		D6767DB929F0AF9F00260906 /* Project object */ = {
			isa = PBXProject;
			attributes = {
				BuildIndependentTargetsInParallel = 1;
				LastSwiftUpdateCheck = 1420;
				LastUpgradeCheck = 1420;
				TargetAttributes = {
					D6767DC029F0AF9F00260906 = {
						CreatedOnToolsVersion = 14.2;
					};
				};
			};
			buildConfigurationList = D6767DBC29F0AF9F00260906 /* Build configuration list for PBXProject "ProyectoFinal1" */;
			compatibilityVersion = "Xcode 14.0";
			developmentRegion = en;
			hasScannedForEncodings = 0;
			knownRegions = (
				en,
				Base,
			);
			mainGroup = D6767DB829F0AF9F00260906;
			productRefGroup = D6767DC229F0AF9F00260906 /* Products */;
			projectDirPath = "";
			projectRoot = "";
			targets = (
				D6767DC029F0AF9F00260906 /* ProyectoFinal1 */,
			);
		};
/* End PBXProject section */

/* Begin PBXResourcesBuildPhase section */
		D6767DBF29F0AF9F00260906 /* Resources */ = {
			isa = PBXResourcesBuildPhase;
			buildActionMask = 2147483647;
			files = (
				D6767DC929F0AF9F00260906 /* Assets.xcassets in Resources */,
				D6767DCC29F0AF9F00260906 /* Main.storyboard in Resources */,
			);
			runOnlyForDeploymentPostprocessing = 0;
		};
/* End PBXResourcesBuildPhase section */

/* Begin PBXSourcesBuildPhase section */
		D6767DBD29F0AF9F00260906 /* Sources */ = {
			isa = PBXSourcesBuildPhase;
			buildActionMask = 2147483647;
			files = (
				D6767DD829F0BCEB00260906 /* RegistrarUsuario.swift in Sources */,
				D6A9DF6D29F1FE0200D9CEE3 /* ModificarUsuario.swift in Sources */,
				D6767DC729F0AF9F00260906 /* ViewController.swift in Sources */,
				D6767DC529F0AF9F00260906 /* AppDelegate.swift in Sources */,
				F115BC2B29F7B1C200417F13 /* MenuAdmin.swift in Sources */,
				D6767DD429F0BB8600260906 /* UsuarioModelo.swift in Sources */,
			);
			runOnlyForDeploymentPostprocessing = 0;
		};
/* End PBXSourcesBuildPhase section */

/* Begin PBXVariantGroup section */
		D6767DCA29F0AF9F00260906 /* Main.storyboard */ = {
			isa = PBXVariantGroup;
			children = (
				D6767DCB29F0AF9F00260906 /* Base */,
			);
			name = Main.storyboard;
			sourceTree = "<group>";
		};
/* End PBXVariantGroup section */

/* Begin XCBuildConfiguration section */
		D6767DCE29F0AF9F00260906 /* Debug */ = {
			isa = XCBuildConfiguration;
			buildSettings = {
				ALWAYS_SEARCH_USER_PATHS = NO;
				CLANG_ANALYZER_NONNULL = YES;
				CLANG_ANALYZER_NUMBER_OBJECT_CONVERSION = YES_AGGRESSIVE;
				CLANG_CXX_LANGUAGE_STANDARD = "gnu++20";
				CLANG_ENABLE_MODULES = YES;
				CLANG_ENABLE_OBJC_ARC = YES;
				CLANG_ENABLE_OBJC_WEAK = YES;
				CLANG_WARN_BLOCK_CAPTURE_AUTORELEASING = YES;
				CLANG_WARN_BOOL_CONVERSION = YES;
				CLANG_WARN_COMMA = YES;
				CLANG_WARN_CONSTANT_CONVERSION = YES;
				CLANG_WARN_DEPRECATED_OBJC_IMPLEMENTATIONS = YES;
				CLANG_WARN_DIRECT_OBJC_ISA_USAGE = YES_ERROR;
				CLANG_WARN_DOCUMENTATION_COMMENTS = YES;
				CLANG_WARN_EMPTY_BODY = YES;
				CLANG_WARN_ENUM_CONVERSION = YES;
				CLANG_WARN_INFINITE_RECURSION = YES;
				CLANG_WARN_INT_CONVERSION = YES;
				CLANG_WARN_NON_LITERAL_NULL_CONVERSION = YES;
				CLANG_WARN_OBJC_IMPLICIT_RETAIN_SELF = YES;
				CLANG_WARN_OBJC_LITERAL_CONVERSION = YES;
				CLANG_WARN_OBJC_ROOT_CLASS = YES_ERROR;
				CLANG_WARN_QUOTED_INCLUDE_IN_FRAMEWORK_HEADER = YES;
				CLANG_WARN_RANGE_LOOP_ANALYSIS = YES;
				CLANG_WARN_STRICT_PROTOTYPES = YES;
				CLANG_WARN_SUSPICIOUS_MOVE = YES;
				CLANG_WARN_UNGUARDED_AVAILABILITY = YES_AGGRESSIVE;
				CLANG_WARN_UNREACHABLE_CODE = YES;
				CLANG_WARN__DUPLICATE_METHOD_MATCH = YES;
				COPY_PHASE_STRIP = NO;
				DEBUG_INFORMATION_FORMAT = dwarf;
				ENABLE_STRICT_OBJC_MSGSEND = YES;
				ENABLE_TESTABILITY = YES;
				GCC_C_LANGUAGE_STANDARD = gnu11;
				GCC_DYNAMIC_NO_PIC = NO;
				GCC_NO_COMMON_BLOCKS = YES;
				GCC_OPTIMIZATION_LEVEL = 0;
				GCC_PREPROCESSOR_DEFINITIONS = (
					"DEBUG=1",
					"$(inherited)",
				);
				GCC_WARN_64_TO_32_BIT_CONVERSION = YES;
				GCC_WARN_ABOUT_RETURN_TYPE = YES_ERROR;
				GCC_WARN_UNDECLARED_SELECTOR = YES;
				GCC_WARN_UNINITIALIZED_AUTOS = YES_AGGRESSIVE;
				GCC_WARN_UNUSED_FUNCTION = YES;
				GCC_WARN_UNUSED_VARIABLE = YES;
				MACOSX_DEPLOYMENT_TARGET = 12.6;
				MTL_ENABLE_DEBUG_INFO = INCLUDE_SOURCE;
				MTL_FAST_MATH = YES;
				ONLY_ACTIVE_ARCH = YES;
				SDKROOT = macosx;
				SWIFT_ACTIVE_COMPILATION_CONDITIONS = DEBUG;
				SWIFT_OPTIMIZATION_LEVEL = "-Onone";
			};
			name = Debug;
		};
		D6767DCF29F0AF9F00260906 /* Release */ = {
			isa = XCBuildConfiguration;
			buildSettings = {
				ALWAYS_SEARCH_USER_PATHS = NO;
				CLANG_ANALYZER_NONNULL = YES;
				CLANG_ANALYZER_NUMBER_OBJECT_CONVERSION = YES_AGGRESSIVE;
				CLANG_CXX_LANGUAGE_STANDARD = "gnu++20";
				CLANG_ENABLE_MODULES = YES;
				CLANG_ENABLE_OBJC_ARC = YES;
				CLANG_ENABLE_OBJC_WEAK = YES;
				CLANG_WARN_BLOCK_CAPTURE_AUTORELEASING = YES;
				CLANG_WARN_BOOL_CONVERSION = YES;
				CLANG_WARN_COMMA = YES;
				CLANG_WARN_CONSTANT_CONVERSION = YES;
				CLANG_WARN_DEPRECATED_OBJC_IMPLEMENTATIONS = YES;
				CLANG_WARN_DIRECT_OBJC_ISA_USAGE = YES_ERROR;
				CLANG_WARN_DOCUMENTATION_COMMENTS = YES;
				CLANG_WARN_EMPTY_BODY = YES;
				CLANG_WARN_ENUM_CONVERSION = YES;
				CLANG_WARN_INFINITE_RECURSION = YES;
				CLANG_WARN_INT_CONVERSION = YES;
				CLANG_WARN_NON_LITERAL_NULL_CONVERSION = YES;
				CLANG_WARN_OBJC_IMPLICIT_RETAIN_SELF = YES;
				CLANG_WARN_OBJC_LITERAL_CONVERSION = YES;
				CLANG_WARN_OBJC_ROOT_CLASS = YES_ERROR;
				CLANG_WARN_QUOTED_INCLUDE_IN_FRAMEWORK_HEADER = YES;
				CLANG_WARN_RANGE_LOOP_ANALYSIS = YES;
				CLANG_WARN_STRICT_PROTOTYPES = YES;
				CLANG_WARN_SUSPICIOUS_MOVE = YES;
				CLANG_WARN_UNGUARDED_AVAILABILITY = YES_AGGRESSIVE;
				CLANG_WARN_UNREACHABLE_CODE = YES;
				CLANG_WARN__DUPLICATE_METHOD_MATCH = YES;
				COPY_PHASE_STRIP = NO;
				DEBUG_INFORMATION_FORMAT = "dwarf-with-dsym";
				ENABLE_NS_ASSERTIONS = NO;
				ENABLE_STRICT_OBJC_MSGSEND = YES;
				GCC_C_LANGUAGE_STANDARD = gnu11;
				GCC_NO_COMMON_BLOCKS = YES;
				GCC_WARN_64_TO_32_BIT_CONVERSION = YES;
				GCC_WARN_ABOUT_RETURN_TYPE = YES_ERROR;
				GCC_WARN_UNDECLARED_SELECTOR = YES;
				GCC_WARN_UNINITIALIZED_AUTOS = YES_AGGRESSIVE;
				GCC_WARN_UNUSED_FUNCTION = YES;
				GCC_WARN_UNUSED_VARIABLE = YES;
				MACOSX_DEPLOYMENT_TARGET = 12.6;
				MTL_ENABLE_DEBUG_INFO = NO;
				MTL_FAST_MATH = YES;
				SDKROOT = macosx;
				SWIFT_COMPILATION_MODE = wholemodule;
				SWIFT_OPTIMIZATION_LEVEL = "-O";
			};
			name = Release;
		};
		D6767DD129F0AF9F00260906 /* Debug */ = {
			isa = XCBuildConfiguration;
			buildSettings = {
				ASSETCATALOG_COMPILER_APPICON_NAME = AppIcon;
				ASSETCATALOG_COMPILER_GLOBAL_ACCENT_COLOR_NAME = AccentColor;
				CODE_SIGN_ENTITLEMENTS = ProyectoFinal1/ProyectoFinal1.entitlements;
				CODE_SIGN_STYLE = Automatic;
				COMBINE_HIDPI_IMAGES = YES;
				CURRENT_PROJECT_VERSION = 1;
				GENERATE_INFOPLIST_FILE = YES;
				INFOPLIST_KEY_NSHumanReadableCopyright = "";
				INFOPLIST_KEY_NSMainStoryboardFile = Main;
				INFOPLIST_KEY_NSPrincipalClass = NSApplication;
				LD_RUNPATH_SEARCH_PATHS = (
					"$(inherited)",
					"@executable_path/../Frameworks",
				);
				MARKETING_VERSION = 1.0;
				PRODUCT_BUNDLE_IDENTIFIER = vale.ProyectoFinal1;
				PRODUCT_NAME = "$(TARGET_NAME)";
				SWIFT_EMIT_LOC_STRINGS = YES;
				SWIFT_VERSION = 5.0;
			};
			name = Debug;
		};
		D6767DD229F0AF9F00260906 /* Release */ = {
			isa = XCBuildConfiguration;
			buildSettings = {
				ASSETCATALOG_COMPILER_APPICON_NAME = AppIcon;
				ASSETCATALOG_COMPILER_GLOBAL_ACCENT_COLOR_NAME = AccentColor;
				CODE_SIGN_ENTITLEMENTS = ProyectoFinal1/ProyectoFinal1.entitlements;
				CODE_SIGN_STYLE = Automatic;
				COMBINE_HIDPI_IMAGES = YES;
				CURRENT_PROJECT_VERSION = 1;
				GENERATE_INFOPLIST_FILE = YES;
				INFOPLIST_KEY_NSHumanReadableCopyright = "";
				INFOPLIST_KEY_NSMainStoryboardFile = Main;
				INFOPLIST_KEY_NSPrincipalClass = NSApplication;
				LD_RUNPATH_SEARCH_PATHS = (
					"$(inherited)",
					"@executable_path/../Frameworks",
				);
				MARKETING_VERSION = 1.0;
				PRODUCT_BUNDLE_IDENTIFIER = vale.ProyectoFinal1;
				PRODUCT_NAME = "$(TARGET_NAME)";
				SWIFT_EMIT_LOC_STRINGS = YES;
				SWIFT_VERSION = 5.0;
			};
			name = Release;
		};
/* End XCBuildConfiguration section */

/* Begin XCConfigurationList section */
		D6767DBC29F0AF9F00260906 /* Build configuration list for PBXProject "ProyectoFinal1" */ = {
			isa = XCConfigurationList;
			buildConfigurations = (
				D6767DCE29F0AF9F00260906 /* Debug */,
				D6767DCF29F0AF9F00260906 /* Release */,
			);
			defaultConfigurationIsVisible = 0;
			defaultConfigurationName = Release;
		};
		D6767DD029F0AF9F00260906 /* Build configuration list for PBXNativeTarget "ProyectoFinal1" */ = {
			isa = XCConfigurationList;
			buildConfigurations = (
				D6767DD129F0AF9F00260906 /* Debug */,
				D6767DD229F0AF9F00260906 /* Release */,
			);
			defaultConfigurationIsVisible = 0;
			defaultConfigurationName = Release;
		};
/* End XCConfigurationList section */
	};
	rootObject = D6767DB929F0AF9F00260906 /* Project object */;
}
